
Microsoft Visual Studio Solution File, Format Version 12.00
# Visual Studio 15
VisualStudioVersion = 15.0.28307.136
MinimumVisualStudioVersion = 10.0.40219.1
Project("{FAE04EC0-301F-11D3-BF4B-00C04F79EFBC}") = "Entities", "Entities\Entities.csproj", "{F3F50D2E-BD69-4137-92E0-B4EE58A16218}"
EndProject
Project("{FAE04EC0-301F-11D3-BF4B-00C04F79EFBC}") = "Interfaces", "Interfaces\Interfaces.csproj", "{B1C53249-2F76-4EDC-B378-A14A3DBEC637}"
EndProject
Project("{FAE04EC0-301F-11D3-BF4B-00C04F79EFBC}") = "Data", "Data\Data.csproj", "{AFD34521-3178-452A-A98C-4B17CDEADF45}"
EndProject
Project("{FAE04EC0-301F-11D3-BF4B-00C04F79EFBC}") = "USP_Application", "USP_Application\USP_Application.csproj", "{851A6BD8-6AC0-4EA1-8ECD-69594EDF1803}"
EndProject
Project("{FAE04EC0-301F-11D3-BF4B-00C04F79EFBC}") = "Repositories", "Repositories\Repositories.csproj", "{16AD81D2-94FA-4F0E-B3F8-705DBF02921A}"
EndProject
Global
	GlobalSection(SolutionConfigurationPlatforms) = preSolution
		Debug|Any CPU = Debug|Any CPU
		Release|Any CPU = Release|Any CPU
	EndGlobalSection
	GlobalSection(ProjectConfigurationPlatforms) = postSolution
		{F3F50D2E-BD69-4137-92E0-B4EE58A16218}.Debug|Any CPU.ActiveCfg = Debug|Any CPU
		{F3F50D2E-BD69-4137-92E0-B4EE58A16218}.Debug|Any CPU.Build.0 = Debug|Any CPU
		{F3F50D2E-BD69-4137-92E0-B4EE58A16218}.Release|Any CPU.ActiveCfg = Release|Any CPU
		{F3F50D2E-BD69-4137-92E0-B4EE58A16218}.Release|Any CPU.Build.0 = Release|Any CPU
		{B1C53249-2F76-4EDC-B378-A14A3DBEC637}.Debug|Any CPU.ActiveCfg = Debug|Any CPU
		{B1C53249-2F76-4EDC-B378-A14A3DBEC637}.Debug|Any CPU.Build.0 = Debug|Any CPU
		{B1C53249-2F76-4EDC-B378-A14A3DBEC637}.Release|Any CPU.ActiveCfg = Release|Any CPU
		{B1C53249-2F76-4EDC-B378-A14A3DBEC637}.Release|Any CPU.Build.0 = Release|Any CPU
		{AFD34521-3178-452A-A98C-4B17CDEADF45}.Debug|Any CPU.ActiveCfg = Debug|Any CPU
		{AFD34521-3178-452A-A98C-4B17CDEADF45}.Debug|Any CPU.Build.0 = Debug|Any CPU
		{AFD34521-3178-452A-A98C-4B17CDEADF45}.Release|Any CPU.ActiveCfg = Release|Any CPU
		{AFD34521-3178-452A-A98C-4B17CDEADF45}.Release|Any CPU.Build.0 = Release|Any CPU
		{851A6BD8-6AC0-4EA1-8ECD-69594EDF1803}.Debug|Any CPU.ActiveCfg = Debug|Any CPU
		{851A6BD8-6AC0-4EA1-8ECD-69594EDF1803}.Debug|Any CPU.Build.0 = Debug|Any CPU
		{851A6BD8-6AC0-4EA1-8ECD-69594EDF1803}.Release|Any CPU.ActiveCfg = Release|Any CPU
		{851A6BD8-6AC0-4EA1-8ECD-69594EDF1803}.Release|Any CPU.Build.0 = Release|Any CPU
		{16AD81D2-94FA-4F0E-B3F8-705DBF02921A}.Debug|Any CPU.ActiveCfg = Debug|Any CPU
		{16AD81D2-94FA-4F0E-B3F8-705DBF02921A}.Debug|Any CPU.Build.0 = Debug|Any CPU
		{16AD81D2-94FA-4F0E-B3F8-705DBF02921A}.Release|Any CPU.ActiveCfg = Release|Any CPU
		{16AD81D2-94FA-4F0E-B3F8-705DBF02921A}.Release|Any CPU.Build.0 = Release|Any CPU
	EndGlobalSection
	GlobalSection(SolutionProperties) = preSolution
		HideSolutionNode = FALSE
	EndGlobalSection
	GlobalSection(ExtensibilityGlobals) = postSolution
		SolutionGuid = {6893B55C-CE6E-42A9-881D-3EA193D5CB50}
	EndGlobalSection
EndGlobal
